
Microsoft Visual Studio Solution File, Format Version 11.00
# Visual Studio 2010
Project("{FAE04EC0-301F-11D3-BF4B-00C04F79EFBC}") = "MuntzTests", "MuntzTests\MuntzTests.csproj", "{211181B9-934D-4AE1-9350-26376BED00B3}"
EndProject
Project("{FAE04EC0-301F-11D3-BF4B-00C04F79EFBC}") = "MuntzDefinitions", "MuntzDefinitions\MuntzDefinitions.csproj", "{A4B9092C-7402-46DC-BB5B-C4E1A2A6C282}"
EndProject
Global
	GlobalSection(SolutionConfigurationPlatforms) = preSolution
		Debug|Any CPU = Debug|Any CPU
		Release|Any CPU = Release|Any CPU
	EndGlobalSection
	GlobalSection(ProjectConfigurationPlatforms) = postSolution
		{211181B9-934D-4AE1-9350-26376BED00B3}.Debug|Any CPU.ActiveCfg = Debug|Any CPU
		{211181B9-934D-4AE1-9350-26376BED00B3}.Debug|Any CPU.Build.0 = Debug|Any CPU
		{211181B9-934D-4AE1-9350-26376BED00B3}.Release|Any CPU.ActiveCfg = Release|Any CPU
		{211181B9-934D-4AE1-9350-26376BED00B3}.Release|Any CPU.Build.0 = Release|Any CPU
		{A4B9092C-7402-46DC-BB5B-C4E1A2A6C282}.Debug|Any CPU.ActiveCfg = Debug|Any CPU
		{A4B9092C-7402-46DC-BB5B-C4E1A2A6C282}.Debug|Any CPU.Build.0 = Debug|Any CPU
		{A4B9092C-7402-46DC-BB5B-C4E1A2A6C282}.Release|Any CPU.ActiveCfg = Release|Any CPU
		{A4B9092C-7402-46DC-BB5B-C4E1A2A6C282}.Release|Any CPU.Build.0 = Release|Any CPU
	EndGlobalSection
	GlobalSection(MonoDevelopProperties) = preSolution
		StartupItem = MuntzTests.csproj
	EndGlobalSection
EndGlobal
