
Microsoft Visual Studio Solution File, Format Version 11.00
# Visual Studio 2010
Project("{2150E333-8FDC-42A3-9474-1A3956D46DE8}") = "Core", "Core", "{492E4337-1E5A-487D-B179-CC381849004F}"
EndProject
Project("{FAE04EC0-301F-11D3-BF4B-00C04F79EFBC}") = "DemoLibrary", "src\DemoLibrary\DemoLibrary.csproj", "{67A6BE4E-5E60-488F-A269-0121186D4602}"
EndProject
Project("{FAE04EC0-301F-11D3-BF4B-00C04F79EFBC}") = "DemoLibrary.iOS", "src\DemoLibrary.iOS\DemoLibrary.iOS.csproj", "{78703EE5-44D7-40B6-9BB5-369685AFD0D1}"
EndProject
Project("{2150E333-8FDC-42A3-9474-1A3956D46DE8}") = "Tests", "Tests", "{AEC47618-5BBE-4305-8C45-F15D7000A12A}"
EndProject
Project("{FAE04EC0-301F-11D3-BF4B-00C04F79EFBC}") = "DemoLibrary.Tests", "tests\DemoLibrary.Tests\DemoLibrary.Tests.csproj", "{466AB7CB-45A2-4BE0-9694-8B15ED11A06F}"
EndProject
Project("{FAE04EC0-301F-11D3-BF4B-00C04F79EFBC}") = "DemoLibrary.Tests.iOS", "tests\DemoLibrary.Tests.iOS\DemoLibrary.Tests.iOS.csproj", "{422071E2-0D19-4983-8E3B-C7576940BC8E}"
EndProject
Global
	GlobalSection(SolutionConfigurationPlatforms) = preSolution
		Debug|Any CPU = Debug|Any CPU
		Release|Any CPU = Release|Any CPU
		Debug|iPhoneSimulator = Debug|iPhoneSimulator
		Release|iPhoneSimulator = Release|iPhoneSimulator
		Debug|iPhone = Debug|iPhone
		Release|iPhone = Release|iPhone
		Ad-Hoc|iPhone = Ad-Hoc|iPhone
		AppStore|iPhone = AppStore|iPhone
	EndGlobalSection
	GlobalSection(ProjectConfigurationPlatforms) = postSolution
		{422071E2-0D19-4983-8E3B-C7576940BC8E}.Ad-Hoc|iPhone.ActiveCfg = Ad-Hoc|iPhone
		{422071E2-0D19-4983-8E3B-C7576940BC8E}.Ad-Hoc|iPhone.Build.0 = Ad-Hoc|iPhone
		{422071E2-0D19-4983-8E3B-C7576940BC8E}.AppStore|iPhone.ActiveCfg = AppStore|iPhone
		{422071E2-0D19-4983-8E3B-C7576940BC8E}.AppStore|iPhone.Build.0 = AppStore|iPhone
		{422071E2-0D19-4983-8E3B-C7576940BC8E}.Debug|Any CPU.ActiveCfg = Debug|iPhoneSimulator
		{422071E2-0D19-4983-8E3B-C7576940BC8E}.Debug|Any CPU.Build.0 = Debug|iPhoneSimulator
		{422071E2-0D19-4983-8E3B-C7576940BC8E}.Debug|iPhone.ActiveCfg = Debug|iPhone
		{422071E2-0D19-4983-8E3B-C7576940BC8E}.Debug|iPhone.Build.0 = Debug|iPhone
		{422071E2-0D19-4983-8E3B-C7576940BC8E}.Debug|iPhoneSimulator.ActiveCfg = Debug|iPhoneSimulator
		{422071E2-0D19-4983-8E3B-C7576940BC8E}.Debug|iPhoneSimulator.Build.0 = Debug|iPhoneSimulator
		{422071E2-0D19-4983-8E3B-C7576940BC8E}.Release|Any CPU.ActiveCfg = Release|iPhoneSimulator
		{422071E2-0D19-4983-8E3B-C7576940BC8E}.Release|Any CPU.Build.0 = Release|iPhoneSimulator
		{422071E2-0D19-4983-8E3B-C7576940BC8E}.Release|iPhone.ActiveCfg = Release|iPhone
		{422071E2-0D19-4983-8E3B-C7576940BC8E}.Release|iPhone.Build.0 = Release|iPhone
		{422071E2-0D19-4983-8E3B-C7576940BC8E}.Release|iPhoneSimulator.ActiveCfg = Release|iPhoneSimulator
		{422071E2-0D19-4983-8E3B-C7576940BC8E}.Release|iPhoneSimulator.Build.0 = Release|iPhoneSimulator
		{466AB7CB-45A2-4BE0-9694-8B15ED11A06F}.Ad-Hoc|iPhone.ActiveCfg = Debug|Any CPU
		{466AB7CB-45A2-4BE0-9694-8B15ED11A06F}.Ad-Hoc|iPhone.Build.0 = Debug|Any CPU
		{466AB7CB-45A2-4BE0-9694-8B15ED11A06F}.AppStore|iPhone.ActiveCfg = Debug|Any CPU
		{466AB7CB-45A2-4BE0-9694-8B15ED11A06F}.AppStore|iPhone.Build.0 = Debug|Any CPU
		{466AB7CB-45A2-4BE0-9694-8B15ED11A06F}.Debug|Any CPU.ActiveCfg = Debug|Any CPU
		{466AB7CB-45A2-4BE0-9694-8B15ED11A06F}.Debug|Any CPU.Build.0 = Debug|Any CPU
		{466AB7CB-45A2-4BE0-9694-8B15ED11A06F}.Debug|iPhone.ActiveCfg = Debug|Any CPU
		{466AB7CB-45A2-4BE0-9694-8B15ED11A06F}.Debug|iPhone.Build.0 = Debug|Any CPU
		{466AB7CB-45A2-4BE0-9694-8B15ED11A06F}.Debug|iPhoneSimulator.ActiveCfg = Debug|Any CPU
		{466AB7CB-45A2-4BE0-9694-8B15ED11A06F}.Debug|iPhoneSimulator.Build.0 = Debug|Any CPU
		{466AB7CB-45A2-4BE0-9694-8B15ED11A06F}.Release|Any CPU.ActiveCfg = Release|Any CPU
		{466AB7CB-45A2-4BE0-9694-8B15ED11A06F}.Release|Any CPU.Build.0 = Release|Any CPU
		{466AB7CB-45A2-4BE0-9694-8B15ED11A06F}.Release|iPhone.ActiveCfg = Release|Any CPU
		{466AB7CB-45A2-4BE0-9694-8B15ED11A06F}.Release|iPhone.Build.0 = Release|Any CPU
		{466AB7CB-45A2-4BE0-9694-8B15ED11A06F}.Release|iPhoneSimulator.ActiveCfg = Release|Any CPU
		{466AB7CB-45A2-4BE0-9694-8B15ED11A06F}.Release|iPhoneSimulator.Build.0 = Release|Any CPU
		{67A6BE4E-5E60-488F-A269-0121186D4602}.Ad-Hoc|iPhone.ActiveCfg = Debug|Any CPU
		{67A6BE4E-5E60-488F-A269-0121186D4602}.Ad-Hoc|iPhone.Build.0 = Debug|Any CPU
		{67A6BE4E-5E60-488F-A269-0121186D4602}.AppStore|iPhone.ActiveCfg = Debug|Any CPU
		{67A6BE4E-5E60-488F-A269-0121186D4602}.AppStore|iPhone.Build.0 = Debug|Any CPU
		{67A6BE4E-5E60-488F-A269-0121186D4602}.Debug|Any CPU.ActiveCfg = Debug|Any CPU
		{67A6BE4E-5E60-488F-A269-0121186D4602}.Debug|Any CPU.Build.0 = Debug|Any CPU
		{67A6BE4E-5E60-488F-A269-0121186D4602}.Debug|iPhone.ActiveCfg = Debug|Any CPU
		{67A6BE4E-5E60-488F-A269-0121186D4602}.Debug|iPhone.Build.0 = Debug|Any CPU
		{67A6BE4E-5E60-488F-A269-0121186D4602}.Debug|iPhoneSimulator.ActiveCfg = Debug|Any CPU
		{67A6BE4E-5E60-488F-A269-0121186D4602}.Debug|iPhoneSimulator.Build.0 = Debug|Any CPU
		{67A6BE4E-5E60-488F-A269-0121186D4602}.Release|Any CPU.ActiveCfg = Release|Any CPU
		{67A6BE4E-5E60-488F-A269-0121186D4602}.Release|Any CPU.Build.0 = Release|Any CPU
		{67A6BE4E-5E60-488F-A269-0121186D4602}.Release|iPhone.ActiveCfg = Release|Any CPU
		{67A6BE4E-5E60-488F-A269-0121186D4602}.Release|iPhone.Build.0 = Release|Any CPU
		{67A6BE4E-5E60-488F-A269-0121186D4602}.Release|iPhoneSimulator.ActiveCfg = Release|Any CPU
		{67A6BE4E-5E60-488F-A269-0121186D4602}.Release|iPhoneSimulator.Build.0 = Release|Any CPU
		{78703EE5-44D7-40B6-9BB5-369685AFD0D1}.Ad-Hoc|iPhone.ActiveCfg = Debug|Any CPU
		{78703EE5-44D7-40B6-9BB5-369685AFD0D1}.Ad-Hoc|iPhone.Build.0 = Debug|Any CPU
		{78703EE5-44D7-40B6-9BB5-369685AFD0D1}.AppStore|iPhone.ActiveCfg = Debug|Any CPU
		{78703EE5-44D7-40B6-9BB5-369685AFD0D1}.AppStore|iPhone.Build.0 = Debug|Any CPU
		{78703EE5-44D7-40B6-9BB5-369685AFD0D1}.Debug|Any CPU.ActiveCfg = Debug|Any CPU
		{78703EE5-44D7-40B6-9BB5-369685AFD0D1}.Debug|Any CPU.Build.0 = Debug|Any CPU
		{78703EE5-44D7-40B6-9BB5-369685AFD0D1}.Debug|iPhone.ActiveCfg = Debug|Any CPU
		{78703EE5-44D7-40B6-9BB5-369685AFD0D1}.Debug|iPhone.Build.0 = Debug|Any CPU
		{78703EE5-44D7-40B6-9BB5-369685AFD0D1}.Debug|iPhoneSimulator.ActiveCfg = Debug|Any CPU
		{78703EE5-44D7-40B6-9BB5-369685AFD0D1}.Debug|iPhoneSimulator.Build.0 = Debug|Any CPU
		{78703EE5-44D7-40B6-9BB5-369685AFD0D1}.Release|Any CPU.ActiveCfg = Release|Any CPU
		{78703EE5-44D7-40B6-9BB5-369685AFD0D1}.Release|Any CPU.Build.0 = Release|Any CPU
		{78703EE5-44D7-40B6-9BB5-369685AFD0D1}.Release|iPhone.ActiveCfg = Release|Any CPU
		{78703EE5-44D7-40B6-9BB5-369685AFD0D1}.Release|iPhone.Build.0 = Release|Any CPU
		{78703EE5-44D7-40B6-9BB5-369685AFD0D1}.Release|iPhoneSimulator.ActiveCfg = Release|Any CPU
		{78703EE5-44D7-40B6-9BB5-369685AFD0D1}.Release|iPhoneSimulator.Build.0 = Release|Any CPU
	EndGlobalSection
	GlobalSection(NestedProjects) = preSolution
		{67A6BE4E-5E60-488F-A269-0121186D4602} = {492E4337-1E5A-487D-B179-CC381849004F}
		{78703EE5-44D7-40B6-9BB5-369685AFD0D1} = {492E4337-1E5A-487D-B179-CC381849004F}
		{466AB7CB-45A2-4BE0-9694-8B15ED11A06F} = {AEC47618-5BBE-4305-8C45-F15D7000A12A}
		{422071E2-0D19-4983-8E3B-C7576940BC8E} = {AEC47618-5BBE-4305-8C45-F15D7000A12A}
	EndGlobalSection
	GlobalSection(MonoDevelopProperties) = preSolution
		StartupItem = tests\DemoLibrary.Tests.iOS\DemoLibrary.Tests.iOS.csproj
	EndGlobalSection
EndGlobal
